
Microsoft Visual Studio Solution File, Format Version 12.00
# Visual Studio Version 16
VisualStudioVersion = 16.0.29215.179
MinimumVisualStudioVersion = 10.0.40219.1
Project("{9A19103F-16F7-4668-BE54-9A1E7A4F7556}") = "AppCore.SigningTool", "src\AppCore.SigningTool\AppCore.SigningTool.csproj", "{73DE9DAD-B581-4810-A35E-8351F6747845}"
EndProject
Project("{9A19103F-16F7-4668-BE54-9A1E7A4F7556}") = "AppCore.SigningTool.Tests", "test\AppCore.SingingTool.Tests\AppCore.SigningTool.Tests.csproj", "{DE62F6BD-5942-4862-83DF-79C1EE50A940}"
EndProject
Project("{9A19103F-16F7-4668-BE54-9A1E7A4F7556}") = "SignedAssembly", "test\SignedAssembly\SignedAssembly.csproj", "{DEA19E22-7E9B-4BDC-B99D-47FC34DF5D9A}"
EndProject
Project("{9A19103F-16F7-4668-BE54-9A1E7A4F7556}") = "DelaySignedAssembly", "test\DelaySignedAssembly\DelaySignedAssembly.csproj", "{E8BCB2FA-EBF1-476B-BB6F-40E226C418B4}"
EndProject
Project("{9A19103F-16F7-4668-BE54-9A1E7A4F7556}") = "UnsignedAssembly", "test\UnsignedAssembly\UnsignedAssembly.csproj", "{198A5852-EFF8-421E-8BC8-230810746123}"
EndProject
Global
	GlobalSection(SolutionConfigurationPlatforms) = preSolution
		Debug|Any CPU = Debug|Any CPU
		Release|Any CPU = Release|Any CPU
	EndGlobalSection
	GlobalSection(ProjectConfigurationPlatforms) = postSolution
		{73DE9DAD-B581-4810-A35E-8351F6747845}.Debug|Any CPU.ActiveCfg = Debug|Any CPU
		{73DE9DAD-B581-4810-A35E-8351F6747845}.Debug|Any CPU.Build.0 = Debug|Any CPU
		{73DE9DAD-B581-4810-A35E-8351F6747845}.Release|Any CPU.ActiveCfg = Release|Any CPU
		{73DE9DAD-B581-4810-A35E-8351F6747845}.Release|Any CPU.Build.0 = Release|Any CPU
		{DE62F6BD-5942-4862-83DF-79C1EE50A940}.Debug|Any CPU.ActiveCfg = Debug|Any CPU
		{DE62F6BD-5942-4862-83DF-79C1EE50A940}.Debug|Any CPU.Build.0 = Debug|Any CPU
		{DE62F6BD-5942-4862-83DF-79C1EE50A940}.Release|Any CPU.ActiveCfg = Release|Any CPU
		{DE62F6BD-5942-4862-83DF-79C1EE50A940}.Release|Any CPU.Build.0 = Release|Any CPU
		{DEA19E22-7E9B-4BDC-B99D-47FC34DF5D9A}.Debug|Any CPU.ActiveCfg = Debug|Any CPU
		{DEA19E22-7E9B-4BDC-B99D-47FC34DF5D9A}.Debug|Any CPU.Build.0 = Debug|Any CPU
		{DEA19E22-7E9B-4BDC-B99D-47FC34DF5D9A}.Release|Any CPU.ActiveCfg = Release|Any CPU
		{DEA19E22-7E9B-4BDC-B99D-47FC34DF5D9A}.Release|Any CPU.Build.0 = Release|Any CPU
		{E8BCB2FA-EBF1-476B-BB6F-40E226C418B4}.Debug|Any CPU.ActiveCfg = Debug|Any CPU
		{E8BCB2FA-EBF1-476B-BB6F-40E226C418B4}.Debug|Any CPU.Build.0 = Debug|Any CPU
		{E8BCB2FA-EBF1-476B-BB6F-40E226C418B4}.Release|Any CPU.ActiveCfg = Release|Any CPU
		{E8BCB2FA-EBF1-476B-BB6F-40E226C418B4}.Release|Any CPU.Build.0 = Release|Any CPU
		{198A5852-EFF8-421E-8BC8-230810746123}.Debug|Any CPU.ActiveCfg = Debug|Any CPU
		{198A5852-EFF8-421E-8BC8-230810746123}.Debug|Any CPU.Build.0 = Debug|Any CPU
		{198A5852-EFF8-421E-8BC8-230810746123}.Release|Any CPU.ActiveCfg = Release|Any CPU
		{198A5852-EFF8-421E-8BC8-230810746123}.Release|Any CPU.Build.0 = Release|Any CPU
	EndGlobalSection
	GlobalSection(SolutionProperties) = preSolution
		HideSolutionNode = FALSE
	EndGlobalSection
	GlobalSection(ExtensibilityGlobals) = postSolution
		SolutionGuid = {9B259C92-4976-41D0-9486-50E79F770D6E}
	EndGlobalSection
EndGlobal
