
Microsoft Visual Studio Solution File, Format Version 12.00
# Visual Studio Version 16
VisualStudioVersion = 16.0.29215.179
MinimumVisualStudioVersion = 10.0.40219.1
Project("{9A19103F-16F7-4668-BE54-9A1E7A4F7556}") = "AppCore.Template", "src\AppCore.Template\AppCore.Template.csproj", "{9190780F-9525-4090-B293-110E4CBBABF2}"
EndProject
Project("{9A19103F-16F7-4668-BE54-9A1E7A4F7556}") = "AppCore.Template.Tests", "test\AppCore.Template.Tests\AppCore.Template.Tests.csproj", "{91574C83-3ACC-4A81-B589-79FB674569A5}"
EndProject
Global
	GlobalSection(SolutionConfigurationPlatforms) = preSolution
		Debug|Any CPU = Debug|Any CPU
		Release|Any CPU = Release|Any CPU
	EndGlobalSection
	GlobalSection(ProjectConfigurationPlatforms) = postSolution
		{9190780F-9525-4090-B293-110E4CBBABF2}.Debug|Any CPU.ActiveCfg = Debug|Any CPU
		{9190780F-9525-4090-B293-110E4CBBABF2}.Debug|Any CPU.Build.0 = Debug|Any CPU
		{9190780F-9525-4090-B293-110E4CBBABF2}.Release|Any CPU.ActiveCfg = Release|Any CPU
		{9190780F-9525-4090-B293-110E4CBBABF2}.Release|Any CPU.Build.0 = Release|Any CPU
		{91574C83-3ACC-4A81-B589-79FB674569A5}.Debug|Any CPU.ActiveCfg = Debug|Any CPU
		{91574C83-3ACC-4A81-B589-79FB674569A5}.Debug|Any CPU.Build.0 = Debug|Any CPU
		{91574C83-3ACC-4A81-B589-79FB674569A5}.Release|Any CPU.ActiveCfg = Release|Any CPU
		{91574C83-3ACC-4A81-B589-79FB674569A5}.Release|Any CPU.Build.0 = Release|Any CPU
	EndGlobalSection
	GlobalSection(SolutionProperties) = preSolution
		HideSolutionNode = FALSE
	EndGlobalSection
	GlobalSection(ExtensibilityGlobals) = postSolution
		SolutionGuid = {9B259C92-4976-41D0-9486-50E79F770D6E}
	EndGlobalSection
EndGlobal
